PODS:
  - HYBMasonryAutoCellHeight (2.0.1):
    - Masonry (~> 0.6)
  - Masonry (0.6.4)
  - SDAutoLayout (2.1.1)
  - SDCycleScrollView (1.65):
    - SDWebImage (~> 3.7)
  - SDWebImage (3.8.1):
    - SDWebImage/Core (= 3.8.1)
  - SDWebImage/Core (3.8.1)

DEPENDENCIES:
  - HYBMasonryAutoCellHeight (~> 2.0.1)
  - SDAutoLayout (~> 2.1.1)
  - SDCycleScrollView (~> 1.65)
  - SDWebImage (~> 3.8.1)

SPEC CHECKSUMS:
  HYBMasonryAutoCellHeight: 9296583777080d32ba6257f55e52b7334dd481fc
  Masonry: 281802d04d787ea2973179ee8bcb50500579ede2
  SDAutoLayout: c18678b6ae28c67d89cb132e770cfbac9ee20d25
  SDCycleScrollView: f72904c77698a7f93a41bcbbc2d78b073bf7326c
  SDWebImage: 35f9627a3e44b4f292a8a8ce6a531fa488239b91

PODFILE CHECKSUM: 5714eaabae2587195a5c0b8f5e422dda3a707825

COCOAPODS: 1.0.1
